PODS:
  - dgis_mobile_sdk_full (13.0.0):
    - "DGisFlutterFullSDK (~> 13.0.0+4)"
    - Flutter
  - "DGisFlutterFullSDK (13.0.0+4)"
  - Flutter (1.0.0)
  - integration_test (0.0.1):
    - Flutter
  - permission_handler_apple (9.3.0):
    - Flutter
  - url_launcher_ios (0.0.1):
    - Flutter

DEPENDENCIES:
  - dgis_mobile_sdk_full (from `.symlinks/plugins/dgis_mobile_sdk_full/ios`)
  - Flutter (from `Flutter`)
  - integration_test (from `.symlinks/plugins/integration_test/ios`)
  - permission_handler_apple (from `.symlinks/plugins/permission_handler_apple/ios`)
  - url_launcher_ios (from `.symlinks/plugins/url_launcher_ios/ios`)

SPEC REPOS:
  trunk:
    - DGisFlutterFullSDK

EXTERNAL SOURCES:
  dgis_mobile_sdk_full:
    :path: ".symlinks/plugins/dgis_mobile_sdk_full/ios"
  Flutter:
    :path: Flutter
  integration_test:
    :path: ".symlinks/plugins/integration_test/ios"
  permission_handler_apple:
    :path: ".symlinks/plugins/permission_handler_apple/ios"
  url_launcher_ios:
    :path: ".symlinks/plugins/url_launcher_ios/ios"

SPEC CHECKSUMS:
  dgis_mobile_sdk_full: 661b49fecd161a1f82be91a230aac4a2b0403f68
  DGisFlutterFullSDK: 19abbd914af82863d7ef90d0fdd482bff00671d6
  Flutter: e0871f40cf51350855a761d2e70bf5af5b9b5de7
  integration_test: 4a889634ef21a45d28d50d622cf412dc6d9f586e
  permission_handler_apple: 4ed2196e43d0651e8ff7ca3483a069d469701f2d
  url_launcher_ios: 694010445543906933d732453a59da0a173ae33d

PODFILE CHECKSUM: 605c32f2fdd50c4f52b7b468d638bf62f371d321

COCOAPODS: 1.16.2
